
Microsoft Visual Studio Solution File, Format Version 12.00
# Visual Studio Version 17
VisualStudioVersion = 17.10.34916.146
MinimumVisualStudioVersion = 10.0.40219.1
Project("{2150E333-8FDC-42A3-9474-1A3956D46DE8}") = "src", "src", "{197E9901-64F8-4DA4-BF60-B3A7CFCA37AE}"
EndProject
Project("{9A19103F-16F7-4668-BE54-9A1E7A4F7556}") = "Appts.API", "src\Appts.API\Appts.API.csproj", "{9141EEDE-40D4-409C-B590-7079D64DFE04}"
EndProject
Project("{2150E333-8FDC-42A3-9474-1A3956D46DE8}") = "Features", "Features", "{B4E212BC-EBB0-4C82-8D9E-141797926DA0}"
EndProject
Project("{9A19103F-16F7-4668-BE54-9A1E7A4F7556}") = "Appts.Features.Identity", "src\Features\Appts.Features.Identity\Appts.Features.Identity.csproj", "{6C43944B-C1E9-46DF-AE33-A3F2D2208700}"
EndProject
Project("{9A19103F-16F7-4668-BE54-9A1E7A4F7556}") = "Appts.Features.Emails", "src\Features\Appts.Features.Email\Appts.Features.Emails.csproj", "{7EEAAC86-DCDC-4FE8-9CB8-9733C9DE9F5E}"
EndProject
Project("{9A19103F-16F7-4668-BE54-9A1E7A4F7556}") = "Appts.Features.Appointments", "src\Features\Appts.Features.Appointments\Appts.Features.Appointments.csproj", "{A154C285-EABD-4C1D-BCFF-0222D09A7850}"
EndProject
Project("{9A19103F-16F7-4668-BE54-9A1E7A4F7556}") = "Appts.UI", "src\Appts.UI\Appts.UI.csproj", "{7F0292BE-AA02-4170-900F-556C2A546E07}"
EndProject
Project("{2150E333-8FDC-42A3-9474-1A3956D46DE8}") = "Shared", "Shared", "{323D23C1-BB28-4D6A-9254-04CEAD7110E3}"
EndProject
Project("{FAE04EC0-301F-11D3-BF4B-00C04F79EFBC}") = "Appts.Shared", "src\Shared\Appts.Shared\Appts.Shared.csproj", "{2E70A7BB-B50D-49D9-BD11-3D71631FE00B}"
EndProject
Global
	GlobalSection(SolutionConfigurationPlatforms) = preSolution
		Debug|Any CPU = Debug|Any CPU
		Release|Any CPU = Release|Any CPU
	EndGlobalSection
	GlobalSection(ProjectConfigurationPlatforms) = postSolution
		{9141EEDE-40D4-409C-B590-7079D64DFE04}.Debug|Any CPU.ActiveCfg = Debug|Any CPU
		{9141EEDE-40D4-409C-B590-7079D64DFE04}.Debug|Any CPU.Build.0 = Debug|Any CPU
		{9141EEDE-40D4-409C-B590-7079D64DFE04}.Release|Any CPU.ActiveCfg = Release|Any CPU
		{9141EEDE-40D4-409C-B590-7079D64DFE04}.Release|Any CPU.Build.0 = Release|Any CPU
		{6C43944B-C1E9-46DF-AE33-A3F2D2208700}.Debug|Any CPU.ActiveCfg = Debug|Any CPU
		{6C43944B-C1E9-46DF-AE33-A3F2D2208700}.Debug|Any CPU.Build.0 = Debug|Any CPU
		{6C43944B-C1E9-46DF-AE33-A3F2D2208700}.Release|Any CPU.ActiveCfg = Release|Any CPU
		{6C43944B-C1E9-46DF-AE33-A3F2D2208700}.Release|Any CPU.Build.0 = Release|Any CPU
		{7EEAAC86-DCDC-4FE8-9CB8-9733C9DE9F5E}.Debug|Any CPU.ActiveCfg = Debug|Any CPU
		{7EEAAC86-DCDC-4FE8-9CB8-9733C9DE9F5E}.Debug|Any CPU.Build.0 = Debug|Any CPU
		{7EEAAC86-DCDC-4FE8-9CB8-9733C9DE9F5E}.Release|Any CPU.ActiveCfg = Release|Any CPU
		{7EEAAC86-DCDC-4FE8-9CB8-9733C9DE9F5E}.Release|Any CPU.Build.0 = Release|Any CPU
		{A154C285-EABD-4C1D-BCFF-0222D09A7850}.Debug|Any CPU.ActiveCfg = Debug|Any CPU
		{A154C285-EABD-4C1D-BCFF-0222D09A7850}.Debug|Any CPU.Build.0 = Debug|Any CPU
		{A154C285-EABD-4C1D-BCFF-0222D09A7850}.Release|Any CPU.ActiveCfg = Release|Any CPU
		{A154C285-EABD-4C1D-BCFF-0222D09A7850}.Release|Any CPU.Build.0 = Release|Any CPU
		{7F0292BE-AA02-4170-900F-556C2A546E07}.Debug|Any CPU.ActiveCfg = Debug|Any CPU
		{7F0292BE-AA02-4170-900F-556C2A546E07}.Debug|Any CPU.Build.0 = Debug|Any CPU
		{7F0292BE-AA02-4170-900F-556C2A546E07}.Release|Any CPU.ActiveCfg = Release|Any CPU
		{7F0292BE-AA02-4170-900F-556C2A546E07}.Release|Any CPU.Build.0 = Release|Any CPU
		{2E70A7BB-B50D-49D9-BD11-3D71631FE00B}.Debug|Any CPU.ActiveCfg = Debug|Any CPU
		{2E70A7BB-B50D-49D9-BD11-3D71631FE00B}.Debug|Any CPU.Build.0 = Debug|Any CPU
		{2E70A7BB-B50D-49D9-BD11-3D71631FE00B}.Release|Any CPU.ActiveCfg = Release|Any CPU
		{2E70A7BB-B50D-49D9-BD11-3D71631FE00B}.Release|Any CPU.Build.0 = Release|Any CPU
	EndGlobalSection
	GlobalSection(SolutionProperties) = preSolution
		HideSolutionNode = FALSE
	EndGlobalSection
	GlobalSection(NestedProjects) = preSolution
		{9141EEDE-40D4-409C-B590-7079D64DFE04} = {197E9901-64F8-4DA4-BF60-B3A7CFCA37AE}
		{B4E212BC-EBB0-4C82-8D9E-141797926DA0} = {197E9901-64F8-4DA4-BF60-B3A7CFCA37AE}
		{6C43944B-C1E9-46DF-AE33-A3F2D2208700} = {B4E212BC-EBB0-4C82-8D9E-141797926DA0}
		{7EEAAC86-DCDC-4FE8-9CB8-9733C9DE9F5E} = {B4E212BC-EBB0-4C82-8D9E-141797926DA0}
		{A154C285-EABD-4C1D-BCFF-0222D09A7850} = {B4E212BC-EBB0-4C82-8D9E-141797926DA0}
		{7F0292BE-AA02-4170-900F-556C2A546E07} = {197E9901-64F8-4DA4-BF60-B3A7CFCA37AE}
		{323D23C1-BB28-4D6A-9254-04CEAD7110E3} = {197E9901-64F8-4DA4-BF60-B3A7CFCA37AE}
		{2E70A7BB-B50D-49D9-BD11-3D71631FE00B} = {323D23C1-BB28-4D6A-9254-04CEAD7110E3}
	EndGlobalSection
	GlobalSection(ExtensibilityGlobals) = postSolution
		SolutionGuid = {E35C2442-8AA1-42E3-BDE0-D00E6374681F}
	EndGlobalSection
EndGlobal
